
Microsoft Visual Studio Solution File, Format Version 12.00
# Visual Studio Version 17
VisualStudioVersion = 17.2.32408.312
MinimumVisualStudioVersion = 10.0.40219.1
Project("{9A19103F-16F7-4668-BE54-9A1E7A4F7556}") = "DXMainClient", "DXMainClient\DXMainClient.csproj", "{97458C1E-2E6C-4C5C-93C7-16A6712802E9}"
EndProject
Project("{9A19103F-16F7-4668-BE54-9A1E7A4F7556}") = "ClientCore", "ClientCore\ClientCore.csproj", "{DAA331A7-FDAC-44FD-98B5-2DC5025F48C3}"
EndProject
Project("{9A19103F-16F7-4668-BE54-9A1E7A4F7556}") = "ClientGUI", "ClientGUI\ClientGUI.csproj", "{4C26AD04-FF2E-4465-9F40-DEB9DDC2C1D6}"
EndProject
Project("{9A19103F-16F7-4668-BE54-9A1E7A4F7556}") = "DTAConfig", "DTAConfig\DTAConfig.csproj", "{D517317D-8EA8-4225-AF9E-5385D8A7F047}"
EndProject
Project("{2150E333-8FDC-42A3-9474-1A3956D46DE8}") = "Solution Items", "Solution Items", "{0F60E4A3-55C8-4C3F-BFC0-27C597433E8A}"
	ProjectSection(SolutionItems) = preProject
		.editorconfig = .editorconfig
		build\AfterPublish.targets = build\AfterPublish.targets
		build\CopyResources.targets = build\CopyResources.targets
		Directory.Build.props = Directory.Build.props
		Directory.Build.targets = Directory.Build.targets
		build\Framework.props = build\Framework.props
		build\VSCompatibleLayer.props = build\VSCompatibleLayer.props
		build\WinForms.props = build\WinForms.props
	EndProjectSection
EndProject
Project("{9A19103F-16F7-4668-BE54-9A1E7A4F7556}") = "TranslationNotifierGenerator", "TranslationNotifierGenerator\TranslationNotifierGenerator.csproj", "{E0412313-0A6F-400B-9EC8-B162DA8AAA0E}"
EndProject
Global
	GlobalSection(SolutionConfigurationPlatforms) = preSolution
		AresUniversalDebug|Any CPU = AresUniversalDebug|Any CPU
		AresUniversalDebug|ARM64 = AresUniversalDebug|ARM64
		AresUniversalDebug|x64 = AresUniversalDebug|x64
		AresUniversalDebug|x86 = AresUniversalDebug|x86
		AresUniversalRelease|Any CPU = AresUniversalRelease|Any CPU
		AresUniversalRelease|ARM64 = AresUniversalRelease|ARM64
		AresUniversalRelease|x64 = AresUniversalRelease|x64
		AresUniversalRelease|x86 = AresUniversalRelease|x86
		AresWindowsDebug|Any CPU = AresWindowsDebug|Any CPU
		AresWindowsDebug|ARM64 = AresWindowsDebug|ARM64
		AresWindowsDebug|x64 = AresWindowsDebug|x64
		AresWindowsDebug|x86 = AresWindowsDebug|x86
		AresWindowsRelease|Any CPU = AresWindowsRelease|Any CPU
		AresWindowsRelease|ARM64 = AresWindowsRelease|ARM64
		AresWindowsRelease|x64 = AresWindowsRelease|x64
		AresWindowsRelease|x86 = AresWindowsRelease|x86
		TSUniversalDebug|Any CPU = TSUniversalDebug|Any CPU
		TSUniversalDebug|ARM64 = TSUniversalDebug|ARM64
		TSUniversalDebug|x64 = TSUniversalDebug|x64
		TSUniversalDebug|x86 = TSUniversalDebug|x86
		TSUniversalRelease|Any CPU = TSUniversalRelease|Any CPU
		TSUniversalRelease|ARM64 = TSUniversalRelease|ARM64
		TSUniversalRelease|x64 = TSUniversalRelease|x64
		TSUniversalRelease|x86 = TSUniversalRelease|x86
		TSWindowsDebug|Any CPU = TSWindowsDebug|Any CPU
		TSWindowsDebug|ARM64 = TSWindowsDebug|ARM64
		TSWindowsDebug|x64 = TSWindowsDebug|x64
		TSWindowsDebug|x86 = TSWindowsDebug|x86
		TSWindowsRelease|Any CPU = TSWindowsRelease|Any CPU
		TSWindowsRelease|ARM64 = TSWindowsRelease|ARM64
		TSWindowsRelease|x64 = TSWindowsRelease|x64
		TSWindowsRelease|x86 = TSWindowsRelease|x86
		YRUniversalDebug|Any CPU = YRUniversalDebug|Any CPU
		YRUniversalDebug|ARM64 = YRUniversalDebug|ARM64
		YRUniversalDebug|x64 = YRUniversalDebug|x64
		YRUniversalDebug|x86 = YRUniversalDebug|x86
		YRUniversalRelease|Any CPU = YRUniversalRelease|Any CPU
		YRUniversalRelease|ARM64 = YRUniversalRelease|ARM64
		YRUniversalRelease|x64 = YRUniversalRelease|x64
		YRUniversalRelease|x86 = YRUniversalRelease|x86
		YRWindowsDebug|Any CPU = YRWindowsDebug|Any CPU
		YRWindowsDebug|ARM64 = YRWindowsDebug|ARM64
		YRWindowsDebug|x64 = YRWindowsDebug|x64
		YRWindowsDebug|x86 = YRWindowsDebug|x86
		YRWindowsRelease|Any CPU = YRWindowsRelease|Any CPU
		YRWindowsRelease|ARM64 = YRWindowsRelease|ARM64
		YRWindowsRelease|x64 = YRWindowsRelease|x64
		YRWindowsRelease|x86 = YRWindowsRelease|x86
	EndGlobalSection
	GlobalSection(ProjectConfigurationPlatforms) = postSolution
		{97458C1E-2E6C-4C5C-93C7-16A6712802E9}.AresUniversalDebug|Any CPU.ActiveCfg = AresUniversalDebug|Any CPU
		{97458C1E-2E6C-4C5C-93C7-16A6712802E9}.AresUniversalDebug|Any CPU.Build.0 = AresUniversalDebug|Any CPU
		{97458C1E-2E6C-4C5C-93C7-16A6712802E9}.AresUniversalDebug|ARM64.ActiveCfg = AresUniversalDebug|ARM64
		{97458C1E-2E6C-4C5C-93C7-16A6712802E9}.AresUniversalDebug|ARM64.Build.0 = AresUniversalDebug|ARM64
		{97458C1E-2E6C-4C5C-93C7-16A6712802E9}.AresUniversalDebug|x64.ActiveCfg = AresUniversalDebug|x64
		{97458C1E-2E6C-4C5C-93C7-16A6712802E9}.AresUniversalDebug|x64.Build.0 = AresUniversalDebug|x64
		{97458C1E-2E6C-4C5C-93C7-16A6712802E9}.AresUniversalDebug|x86.ActiveCfg = AresUniversalDebug|x86
		{97458C1E-2E6C-4C5C-93C7-16A6712802E9}.AresUniversalDebug|x86.Build.0 = AresUniversalDebug|x86
		{97458C1E-2E6C-4C5C-93C7-16A6712802E9}.AresUniversalRelease|Any CPU.ActiveCfg = AresUniversalRelease|Any CPU
		{97458C1E-2E6C-4C5C-93C7-16A6712802E9}.AresUniversalRelease|Any CPU.Build.0 = AresUniversalRelease|Any CPU
		{97458C1E-2E6C-4C5C-93C7-16A6712802E9}.AresUniversalRelease|ARM64.ActiveCfg = AresUniversalRelease|ARM64
		{97458C1E-2E6C-4C5C-93C7-16A6712802E9}.AresUniversalRelease|ARM64.Build.0 = AresUniversalRelease|ARM64
		{97458C1E-2E6C-4C5C-93C7-16A6712802E9}.AresUniversalRelease|x64.ActiveCfg = AresUniversalRelease|x64
		{97458C1E-2E6C-4C5C-93C7-16A6712802E9}.AresUniversalRelease|x64.Build.0 = AresUniversalRelease|x64
		{97458C1E-2E6C-4C5C-93C7-16A6712802E9}.AresUniversalRelease|x86.ActiveCfg = AresUniversalRelease|x86
		{97458C1E-2E6C-4C5C-93C7-16A6712802E9}.AresUniversalRelease|x86.Build.0 = AresUniversalRelease|x86
		{97458C1E-2E6C-4C5C-93C7-16A6712802E9}.AresWindowsDebug|Any CPU.ActiveCfg = AresWindowsDebug|Any CPU
		{97458C1E-2E6C-4C5C-93C7-16A6712802E9}.AresWindowsDebug|Any CPU.Build.0 = AresWindowsDebug|Any CPU
		{97458C1E-2E6C-4C5C-93C7-16A6712802E9}.AresWindowsDebug|ARM64.ActiveCfg = AresWindowsDebug|ARM64
		{97458C1E-2E6C-4C5C-93C7-16A6712802E9}.AresWindowsDebug|ARM64.Build.0 = AresWindowsDebug|ARM64
		{97458C1E-2E6C-4C5C-93C7-16A6712802E9}.AresWindowsDebug|x64.ActiveCfg = AresWindowsDebug|x64
		{97458C1E-2E6C-4C5C-93C7-16A6712802E9}.AresWindowsDebug|x64.Build.0 = AresWindowsDebug|x64
		{97458C1E-2E6C-4C5C-93C7-16A6712802E9}.AresWindowsDebug|x86.ActiveCfg = AresWindowsDebug|x86
		{97458C1E-2E6C-4C5C-93C7-16A6712802E9}.AresWindowsDebug|x86.Build.0 = AresWindowsDebug|x86
		{97458C1E-2E6C-4C5C-93C7-16A6712802E9}.AresWindowsRelease|Any CPU.ActiveCfg = AresWindowsRelease|Any CPU
		{97458C1E-2E6C-4C5C-93C7-16A6712802E9}.AresWindowsRelease|Any CPU.Build.0 = AresWindowsRelease|Any CPU
		{97458C1E-2E6C-4C5C-93C7-16A6712802E9}.AresWindowsRelease|ARM64.ActiveCfg = AresWindowsRelease|ARM64
		{97458C1E-2E6C-4C5C-93C7-16A6712802E9}.AresWindowsRelease|ARM64.Build.0 = AresWindowsRelease|ARM64
		{97458C1E-2E6C-4C5C-93C7-16A6712802E9}.AresWindowsRelease|x64.ActiveCfg = AresWindowsRelease|x64
		{97458C1E-2E6C-4C5C-93C7-16A6712802E9}.AresWindowsRelease|x64.Build.0 = AresWindowsRelease|x64
		{97458C1E-2E6C-4C5C-93C7-16A6712802E9}.AresWindowsRelease|x86.ActiveCfg = AresWindowsRelease|x86
		{97458C1E-2E6C-4C5C-93C7-16A6712802E9}.AresWindowsRelease|x86.Build.0 = AresWindowsRelease|x86
		{97458C1E-2E6C-4C5C-93C7-16A6712802E9}.TSUniversalDebug|Any CPU.ActiveCfg = TSUniversalDebug|Any CPU
		{97458C1E-2E6C-4C5C-93C7-16A6712802E9}.TSUniversalDebug|Any CPU.Build.0 = TSUniversalDebug|Any CPU
		{97458C1E-2E6C-4C5C-93C7-16A6712802E9}.TSUniversalDebug|ARM64.ActiveCfg = TSUniversalDebug|ARM64
		{97458C1E-2E6C-4C5C-93C7-16A6712802E9}.TSUniversalDebug|ARM64.Build.0 = TSUniversalDebug|ARM64
		{97458C1E-2E6C-4C5C-93C7-16A6712802E9}.TSUniversalDebug|x64.ActiveCfg = TSUniversalDebug|x64
		{97458C1E-2E6C-4C5C-93C7-16A6712802E9}.TSUniversalDebug|x64.Build.0 = TSUniversalDebug|x64
		{97458C1E-2E6C-4C5C-93C7-16A6712802E9}.TSUniversalDebug|x86.ActiveCfg = TSUniversalDebug|x86
		{97458C1E-2E6C-4C5C-93C7-16A6712802E9}.TSUniversalDebug|x86.Build.0 = TSUniversalDebug|x86
		{97458C1E-2E6C-4C5C-93C7-16A6712802E9}.TSUniversalRelease|Any CPU.ActiveCfg = TSUniversalRelease|Any CPU
		{97458C1E-2E6C-4C5C-93C7-16A6712802E9}.TSUniversalRelease|Any CPU.Build.0 = TSUniversalRelease|Any CPU
		{97458C1E-2E6C-4C5C-93C7-16A6712802E9}.TSUniversalRelease|ARM64.ActiveCfg = TSUniversalRelease|ARM64
		{97458C1E-2E6C-4C5C-93C7-16A6712802E9}.TSUniversalRelease|ARM64.Build.0 = TSUniversalRelease|ARM64
		{97458C1E-2E6C-4C5C-93C7-16A6712802E9}.TSUniversalRelease|x64.ActiveCfg = TSUniversalRelease|x64
		{97458C1E-2E6C-4C5C-93C7-16A6712802E9}.TSUniversalRelease|x64.Build.0 = TSUniversalRelease|x64
		{97458C1E-2E6C-4C5C-93C7-16A6712802E9}.TSUniversalRelease|x86.ActiveCfg = TSUniversalRelease|x86
		{97458C1E-2E6C-4C5C-93C7-16A6712802E9}.TSUniversalRelease|x86.Build.0 = TSUniversalRelease|x86
		{97458C1E-2E6C-4C5C-93C7-16A6712802E9}.TSWindowsDebug|Any CPU.ActiveCfg = TSWindowsDebug|Any CPU
		{97458C1E-2E6C-4C5C-93C7-16A6712802E9}.TSWindowsDebug|Any CPU.Build.0 = TSWindowsDebug|Any CPU
		{97458C1E-2E6C-4C5C-93C7-16A6712802E9}.TSWindowsDebug|ARM64.ActiveCfg = TSWindowsDebug|ARM64
		{97458C1E-2E6C-4C5C-93C7-16A6712802E9}.TSWindowsDebug|ARM64.Build.0 = TSWindowsDebug|ARM64
		{97458C1E-2E6C-4C5C-93C7-16A6712802E9}.TSWindowsDebug|x64.ActiveCfg = TSWindowsDebug|x64
		{97458C1E-2E6C-4C5C-93C7-16A6712802E9}.TSWindowsDebug|x64.Build.0 = TSWindowsDebug|x64
		{97458C1E-2E6C-4C5C-93C7-16A6712802E9}.TSWindowsDebug|x86.ActiveCfg = TSWindowsDebug|x86
		{97458C1E-2E6C-4C5C-93C7-16A6712802E9}.TSWindowsDebug|x86.Build.0 = TSWindowsDebug|x86
		{97458C1E-2E6C-4C5C-93C7-16A6712802E9}.TSWindowsRelease|Any CPU.ActiveCfg = TSWindowsRelease|Any CPU
		{97458C1E-2E6C-4C5C-93C7-16A6712802E9}.TSWindowsRelease|Any CPU.Build.0 = TSWindowsRelease|Any CPU
		{97458C1E-2E6C-4C5C-93C7-16A6712802E9}.TSWindowsRelease|ARM64.ActiveCfg = TSWindowsRelease|ARM64
		{97458C1E-2E6C-4C5C-93C7-16A6712802E9}.TSWindowsRelease|ARM64.Build.0 = TSWindowsRelease|ARM64
		{97458C1E-2E6C-4C5C-93C7-16A6712802E9}.TSWindowsRelease|x64.ActiveCfg = TSWindowsRelease|x64
		{97458C1E-2E6C-4C5C-93C7-16A6712802E9}.TSWindowsRelease|x64.Build.0 = TSWindowsRelease|x64
		{97458C1E-2E6C-4C5C-93C7-16A6712802E9}.TSWindowsRelease|x86.ActiveCfg = TSWindowsRelease|x86
		{97458C1E-2E6C-4C5C-93C7-16A6712802E9}.TSWindowsRelease|x86.Build.0 = TSWindowsRelease|x86
		{97458C1E-2E6C-4C5C-93C7-16A6712802E9}.YRUniversalDebug|Any CPU.ActiveCfg = YRUniversalDebug|Any CPU
		{97458C1E-2E6C-4C5C-93C7-16A6712802E9}.YRUniversalDebug|Any CPU.Build.0 = YRUniversalDebug|Any CPU
		{97458C1E-2E6C-4C5C-93C7-16A6712802E9}.YRUniversalDebug|ARM64.ActiveCfg = YRUniversalDebug|ARM64
		{97458C1E-2E6C-4C5C-93C7-16A6712802E9}.YRUniversalDebug|ARM64.Build.0 = YRUniversalDebug|ARM64
		{97458C1E-2E6C-4C5C-93C7-16A6712802E9}.YRUniversalDebug|x64.ActiveCfg = YRUniversalDebug|x64
		{97458C1E-2E6C-4C5C-93C7-16A6712802E9}.YRUniversalDebug|x64.Build.0 = YRUniversalDebug|x64
		{97458C1E-2E6C-4C5C-93C7-16A6712802E9}.YRUniversalDebug|x86.ActiveCfg = YRUniversalDebug|x86
		{97458C1E-2E6C-4C5C-93C7-16A6712802E9}.YRUniversalDebug|x86.Build.0 = YRUniversalDebug|x86
		{97458C1E-2E6C-4C5C-93C7-16A6712802E9}.YRUniversalRelease|Any CPU.ActiveCfg = YRUniversalRelease|Any CPU
		{97458C1E-2E6C-4C5C-93C7-16A6712802E9}.YRUniversalRelease|Any CPU.Build.0 = YRUniversalRelease|Any CPU
		{97458C1E-2E6C-4C5C-93C7-16A6712802E9}.YRUniversalRelease|ARM64.ActiveCfg = YRUniversalRelease|ARM64
		{97458C1E-2E6C-4C5C-93C7-16A6712802E9}.YRUniversalRelease|ARM64.Build.0 = YRUniversalRelease|ARM64
		{97458C1E-2E6C-4C5C-93C7-16A6712802E9}.YRUniversalRelease|x64.ActiveCfg = YRUniversalRelease|x64
		{97458C1E-2E6C-4C5C-93C7-16A6712802E9}.YRUniversalRelease|x64.Build.0 = YRUniversalRelease|x64
		{97458C1E-2E6C-4C5C-93C7-16A6712802E9}.YRUniversalRelease|x86.ActiveCfg = YRUniversalRelease|x86
		{97458C1E-2E6C-4C5C-93C7-16A6712802E9}.YRUniversalRelease|x86.Build.0 = YRUniversalRelease|x86
		{97458C1E-2E6C-4C5C-93C7-16A6712802E9}.YRWindowsDebug|Any CPU.ActiveCfg = YRWindowsDebug|Any CPU
		{97458C1E-2E6C-4C5C-93C7-16A6712802E9}.YRWindowsDebug|Any CPU.Build.0 = YRWindowsDebug|Any CPU
		{97458C1E-2E6C-4C5C-93C7-16A6712802E9}.YRWindowsDebug|ARM64.ActiveCfg = YRWindowsDebug|ARM64
		{97458C1E-2E6C-4C5C-93C7-16A6712802E9}.YRWindowsDebug|ARM64.Build.0 = YRWindowsDebug|ARM64
		{97458C1E-2E6C-4C5C-93C7-16A6712802E9}.YRWindowsDebug|x64.ActiveCfg = YRWindowsDebug|x64
		{97458C1E-2E6C-4C5C-93C7-16A6712802E9}.YRWindowsDebug|x64.Build.0 = YRWindowsDebug|x64
		{97458C1E-2E6C-4C5C-93C7-16A6712802E9}.YRWindowsDebug|x86.ActiveCfg = YRWindowsDebug|x86
		{97458C1E-2E6C-4C5C-93C7-16A6712802E9}.YRWindowsDebug|x86.Build.0 = YRWindowsDebug|x86
		{97458C1E-2E6C-4C5C-93C7-16A6712802E9}.YRWindowsRelease|Any CPU.ActiveCfg = YRWindowsRelease|Any CPU
		{97458C1E-2E6C-4C5C-93C7-16A6712802E9}.YRWindowsRelease|Any CPU.Build.0 = YRWindowsRelease|Any CPU
		{97458C1E-2E6C-4C5C-93C7-16A6712802E9}.YRWindowsRelease|ARM64.ActiveCfg = YRWindowsRelease|ARM64
		{97458C1E-2E6C-4C5C-93C7-16A6712802E9}.YRWindowsRelease|ARM64.Build.0 = YRWindowsRelease|ARM64
		{97458C1E-2E6C-4C5C-93C7-16A6712802E9}.YRWindowsRelease|x64.ActiveCfg = YRWindowsRelease|x64
		{97458C1E-2E6C-4C5C-93C7-16A6712802E9}.YRWindowsRelease|x64.Build.0 = YRWindowsRelease|x64
		{97458C1E-2E6C-4C5C-93C7-16A6712802E9}.YRWindowsRelease|x86.ActiveCfg = YRWindowsRelease|x86
		{97458C1E-2E6C-4C5C-93C7-16A6712802E9}.YRWindowsRelease|x86.Build.0 = YRWindowsRelease|x86
		{DAA331A7-FDAC-44FD-98B5-2DC5025F48C3}.AresUniversalDebug|Any CPU.ActiveCfg = AresUniversalDebug|Any CPU
		{DAA331A7-FDAC-44FD-98B5-2DC5025F48C3}.AresUniversalDebug|Any CPU.Build.0 = AresUniversalDebug|Any CPU
		{DAA331A7-FDAC-44FD-98B5-2DC5025F48C3}.AresUniversalDebug|ARM64.ActiveCfg = AresUniversalDebug|ARM64
		{DAA331A7-FDAC-44FD-98B5-2DC5025F48C3}.AresUniversalDebug|ARM64.Build.0 = AresUniversalDebug|ARM64
		{DAA331A7-FDAC-44FD-98B5-2DC5025F48C3}.AresUniversalDebug|x64.ActiveCfg = AresUniversalDebug|x64
		{DAA331A7-FDAC-44FD-98B5-2DC5025F48C3}.AresUniversalDebug|x64.Build.0 = AresUniversalDebug|x64
		{DAA331A7-FDAC-44FD-98B5-2DC5025F48C3}.AresUniversalDebug|x86.ActiveCfg = AresUniversalDebug|x86
		{DAA331A7-FDAC-44FD-98B5-2DC5025F48C3}.AresUniversalDebug|x86.Build.0 = AresUniversalDebug|x86
		{DAA331A7-FDAC-44FD-98B5-2DC5025F48C3}.AresUniversalRelease|Any CPU.ActiveCfg = AresUniversalRelease|Any CPU
		{DAA331A7-FDAC-44FD-98B5-2DC5025F48C3}.AresUniversalRelease|Any CPU.Build.0 = AresUniversalRelease|Any CPU
		{DAA331A7-FDAC-44FD-98B5-2DC5025F48C3}.AresUniversalRelease|ARM64.ActiveCfg = AresUniversalRelease|ARM64
		{DAA331A7-FDAC-44FD-98B5-2DC5025F48C3}.AresUniversalRelease|ARM64.Build.0 = AresUniversalRelease|ARM64
		{DAA331A7-FDAC-44FD-98B5-2DC5025F48C3}.AresUniversalRelease|x64.ActiveCfg = AresUniversalRelease|x64
		{DAA331A7-FDAC-44FD-98B5-2DC5025F48C3}.AresUniversalRelease|x64.Build.0 = AresUniversalRelease|x64
		{DAA331A7-FDAC-44FD-98B5-2DC5025F48C3}.AresUniversalRelease|x86.ActiveCfg = AresUniversalRelease|x86
		{DAA331A7-FDAC-44FD-98B5-2DC5025F48C3}.AresUniversalRelease|x86.Build.0 = AresUniversalRelease|x86
		{DAA331A7-FDAC-44FD-98B5-2DC5025F48C3}.AresWindowsDebug|Any CPU.ActiveCfg = AresWindowsDebug|Any CPU
		{DAA331A7-FDAC-44FD-98B5-2DC5025F48C3}.AresWindowsDebug|Any CPU.Build.0 = AresWindowsDebug|Any CPU
		{DAA331A7-FDAC-44FD-98B5-2DC5025F48C3}.AresWindowsDebug|ARM64.ActiveCfg = AresWindowsDebug|ARM64
		{DAA331A7-FDAC-44FD-98B5-2DC5025F48C3}.AresWindowsDebug|ARM64.Build.0 = AresWindowsDebug|ARM64
		{DAA331A7-FDAC-44FD-98B5-2DC5025F48C3}.AresWindowsDebug|x64.ActiveCfg = AresWindowsDebug|x64
		{DAA331A7-FDAC-44FD-98B5-2DC5025F48C3}.AresWindowsDebug|x64.Build.0 = AresWindowsDebug|x64
		{DAA331A7-FDAC-44FD-98B5-2DC5025F48C3}.AresWindowsDebug|x86.ActiveCfg = AresWindowsDebug|x86
		{DAA331A7-FDAC-44FD-98B5-2DC5025F48C3}.AresWindowsDebug|x86.Build.0 = AresWindowsDebug|x86
		{DAA331A7-FDAC-44FD-98B5-2DC5025F48C3}.AresWindowsRelease|Any CPU.ActiveCfg = AresWindowsRelease|Any CPU
		{DAA331A7-FDAC-44FD-98B5-2DC5025F48C3}.AresWindowsRelease|Any CPU.Build.0 = AresWindowsRelease|Any CPU
		{DAA331A7-FDAC-44FD-98B5-2DC5025F48C3}.AresWindowsRelease|ARM64.ActiveCfg = AresWindowsRelease|ARM64
		{DAA331A7-FDAC-44FD-98B5-2DC5025F48C3}.AresWindowsRelease|ARM64.Build.0 = AresWindowsRelease|ARM64
		{DAA331A7-FDAC-44FD-98B5-2DC5025F48C3}.AresWindowsRelease|x64.ActiveCfg = AresWindowsRelease|x64
		{DAA331A7-FDAC-44FD-98B5-2DC5025F48C3}.AresWindowsRelease|x64.Build.0 = AresWindowsRelease|x64
		{DAA331A7-FDAC-44FD-98B5-2DC5025F48C3}.AresWindowsRelease|x86.ActiveCfg = AresWindowsRelease|x86
		{DAA331A7-FDAC-44FD-98B5-2DC5025F48C3}.AresWindowsRelease|x86.Build.0 = AresWindowsRelease|x86
		{DAA331A7-FDAC-44FD-98B5-2DC5025F48C3}.TSUniversalDebug|Any CPU.ActiveCfg = TSUniversalDebug|Any CPU
		{DAA331A7-FDAC-44FD-98B5-2DC5025F48C3}.TSUniversalDebug|Any CPU.Build.0 = TSUniversalDebug|Any CPU
		{DAA331A7-FDAC-44FD-98B5-2DC5025F48C3}.TSUniversalDebug|ARM64.ActiveCfg = TSUniversalDebug|ARM64
		{DAA331A7-FDAC-44FD-98B5-2DC5025F48C3}.TSUniversalDebug|ARM64.Build.0 = TSUniversalDebug|ARM64
		{DAA331A7-FDAC-44FD-98B5-2DC5025F48C3}.TSUniversalDebug|x64.ActiveCfg = TSUniversalDebug|x64
		{DAA331A7-FDAC-44FD-98B5-2DC5025F48C3}.TSUniversalDebug|x64.Build.0 = TSUniversalDebug|x64
		{DAA331A7-FDAC-44FD-98B5-2DC5025F48C3}.TSUniversalDebug|x86.ActiveCfg = TSUniversalDebug|x86
		{DAA331A7-FDAC-44FD-98B5-2DC5025F48C3}.TSUniversalDebug|x86.Build.0 = TSUniversalDebug|x86
		{DAA331A7-FDAC-44FD-98B5-2DC5025F48C3}.TSUniversalRelease|Any CPU.ActiveCfg = TSUniversalRelease|Any CPU
		{DAA331A7-FDAC-44FD-98B5-2DC5025F48C3}.TSUniversalRelease|Any CPU.Build.0 = TSUniversalRelease|Any CPU
		{DAA331A7-FDAC-44FD-98B5-2DC5025F48C3}.TSUniversalRelease|ARM64.ActiveCfg = TSUniversalRelease|ARM64
		{DAA331A7-FDAC-44FD-98B5-2DC5025F48C3}.TSUniversalRelease|ARM64.Build.0 = TSUniversalRelease|ARM64
		{DAA331A7-FDAC-44FD-98B5-2DC5025F48C3}.TSUniversalRelease|x64.ActiveCfg = TSUniversalRelease|x64
		{DAA331A7-FDAC-44FD-98B5-2DC5025F48C3}.TSUniversalRelease|x64.Build.0 = TSUniversalRelease|x64
		{DAA331A7-FDAC-44FD-98B5-2DC5025F48C3}.TSUniversalRelease|x86.ActiveCfg = TSUniversalRelease|x86
		{DAA331A7-FDAC-44FD-98B5-2DC5025F48C3}.TSUniversalRelease|x86.Build.0 = TSUniversalRelease|x86
		{DAA331A7-FDAC-44FD-98B5-2DC5025F48C3}.TSWindowsDebug|Any CPU.ActiveCfg = TSWindowsDebug|Any CPU
		{DAA331A7-FDAC-44FD-98B5-2DC5025F48C3}.TSWindowsDebug|Any CPU.Build.0 = TSWindowsDebug|Any CPU
		{DAA331A7-FDAC-44FD-98B5-2DC5025F48C3}.TSWindowsDebug|ARM64.ActiveCfg = TSWindowsDebug|ARM64
		{DAA331A7-FDAC-44FD-98B5-2DC5025F48C3}.TSWindowsDebug|ARM64.Build.0 = TSWindowsDebug|ARM64
		{DAA331A7-FDAC-44FD-98B5-2DC5025F48C3}.TSWindowsDebug|x64.ActiveCfg = TSWindowsDebug|x64
		{DAA331A7-FDAC-44FD-98B5-2DC5025F48C3}.TSWindowsDebug|x64.Build.0 = TSWindowsDebug|x64
		{DAA331A7-FDAC-44FD-98B5-2DC5025F48C3}.TSWindowsDebug|x86.ActiveCfg = TSWindowsDebug|x86
		{DAA331A7-FDAC-44FD-98B5-2DC5025F48C3}.TSWindowsDebug|x86.Build.0 = TSWindowsDebug|x86
		{DAA331A7-FDAC-44FD-98B5-2DC5025F48C3}.TSWindowsRelease|Any CPU.ActiveCfg = TSWindowsRelease|Any CPU
		{DAA331A7-FDAC-44FD-98B5-2DC5025F48C3}.TSWindowsRelease|Any CPU.Build.0 = TSWindowsRelease|Any CPU
		{DAA331A7-FDAC-44FD-98B5-2DC5025F48C3}.TSWindowsRelease|ARM64.ActiveCfg = TSWindowsRelease|ARM64
		{DAA331A7-FDAC-44FD-98B5-2DC5025F48C3}.TSWindowsRelease|ARM64.Build.0 = TSWindowsRelease|ARM64
		{DAA331A7-FDAC-44FD-98B5-2DC5025F48C3}.TSWindowsRelease|x64.ActiveCfg = TSWindowsRelease|x64
		{DAA331A7-FDAC-44FD-98B5-2DC5025F48C3}.TSWindowsRelease|x64.Build.0 = TSWindowsRelease|x64
		{DAA331A7-FDAC-44FD-98B5-2DC5025F48C3}.TSWindowsRelease|x86.ActiveCfg = TSWindowsRelease|x86
		{DAA331A7-FDAC-44FD-98B5-2DC5025F48C3}.TSWindowsRelease|x86.Build.0 = TSWindowsRelease|x86
		{DAA331A7-FDAC-44FD-98B5-2DC5025F48C3}.YRUniversalDebug|Any CPU.ActiveCfg = YRUniversalDebug|Any CPU
		{DAA331A7-FDAC-44FD-98B5-2DC5025F48C3}.YRUniversalDebug|Any CPU.Build.0 = YRUniversalDebug|Any CPU
		{DAA331A7-FDAC-44FD-98B5-2DC5025F48C3}.YRUniversalDebug|ARM64.ActiveCfg = YRUniversalDebug|ARM64
		{DAA331A7-FDAC-44FD-98B5-2DC5025F48C3}.YRUniversalDebug|ARM64.Build.0 = YRUniversalDebug|ARM64
		{DAA331A7-FDAC-44FD-98B5-2DC5025F48C3}.YRUniversalDebug|x64.ActiveCfg = YRUniversalDebug|x64
		{DAA331A7-FDAC-44FD-98B5-2DC5025F48C3}.YRUniversalDebug|x64.Build.0 = YRUniversalDebug|x64
		{DAA331A7-FDAC-44FD-98B5-2DC5025F48C3}.YRUniversalDebug|x86.ActiveCfg = YRUniversalDebug|x86
		{DAA331A7-FDAC-44FD-98B5-2DC5025F48C3}.YRUniversalDebug|x86.Build.0 = YRUniversalDebug|x86
		{DAA331A7-FDAC-44FD-98B5-2DC5025F48C3}.YRUniversalRelease|Any CPU.ActiveCfg = YRUniversalRelease|Any CPU
		{DAA331A7-FDAC-44FD-98B5-2DC5025F48C3}.YRUniversalRelease|Any CPU.Build.0 = YRUniversalRelease|Any CPU
		{DAA331A7-FDAC-44FD-98B5-2DC5025F48C3}.YRUniversalRelease|ARM64.ActiveCfg = YRUniversalRelease|ARM64
		{DAA331A7-FDAC-44FD-98B5-2DC5025F48C3}.YRUniversalRelease|ARM64.Build.0 = YRUniversalRelease|ARM64
		{DAA331A7-FDAC-44FD-98B5-2DC5025F48C3}.YRUniversalRelease|x64.ActiveCfg = YRUniversalRelease|x64
		{DAA331A7-FDAC-44FD-98B5-2DC5025F48C3}.YRUniversalRelease|x64.Build.0 = YRUniversalRelease|x64
		{DAA331A7-FDAC-44FD-98B5-2DC5025F48C3}.YRUniversalRelease|x86.ActiveCfg = YRUniversalRelease|x86
		{DAA331A7-FDAC-44FD-98B5-2DC5025F48C3}.YRUniversalRelease|x86.Build.0 = YRUniversalRelease|x86
		{DAA331A7-FDAC-44FD-98B5-2DC5025F48C3}.YRWindowsDebug|Any CPU.ActiveCfg = YRWindowsDebug|Any CPU
		{DAA331A7-FDAC-44FD-98B5-2DC5025F48C3}.YRWindowsDebug|Any CPU.Build.0 = YRWindowsDebug|Any CPU
		{DAA331A7-FDAC-44FD-98B5-2DC5025F48C3}.YRWindowsDebug|ARM64.ActiveCfg = YRWindowsDebug|ARM64
		{DAA331A7-FDAC-44FD-98B5-2DC5025F48C3}.YRWindowsDebug|ARM64.Build.0 = YRWindowsDebug|ARM64
		{DAA331A7-FDAC-44FD-98B5-2DC5025F48C3}.YRWindowsDebug|x64.ActiveCfg = YRWindowsDebug|x64
		{DAA331A7-FDAC-44FD-98B5-2DC5025F48C3}.YRWindowsDebug|x64.Build.0 = YRWindowsDebug|x64
		{DAA331A7-FDAC-44FD-98B5-2DC5025F48C3}.YRWindowsDebug|x86.ActiveCfg = YRWindowsDebug|x86
		{DAA331A7-FDAC-44FD-98B5-2DC5025F48C3}.YRWindowsDebug|x86.Build.0 = YRWindowsDebug|x86
		{DAA331A7-FDAC-44FD-98B5-2DC5025F48C3}.YRWindowsRelease|Any CPU.ActiveCfg = YRWindowsRelease|Any CPU
		{DAA331A7-FDAC-44FD-98B5-2DC5025F48C3}.YRWindowsRelease|Any CPU.Build.0 = YRWindowsRelease|Any CPU
		{DAA331A7-FDAC-44FD-98B5-2DC5025F48C3}.YRWindowsRelease|ARM64.ActiveCfg = YRWindowsRelease|ARM64
		{DAA331A7-FDAC-44FD-98B5-2DC5025F48C3}.YRWindowsRelease|ARM64.Build.0 = YRWindowsRelease|ARM64
		{DAA331A7-FDAC-44FD-98B5-2DC5025F48C3}.YRWindowsRelease|x64.ActiveCfg = YRWindowsRelease|x64
		{DAA331A7-FDAC-44FD-98B5-2DC5025F48C3}.YRWindowsRelease|x64.Build.0 = YRWindowsRelease|x64
		{DAA331A7-FDAC-44FD-98B5-2DC5025F48C3}.YRWindowsRelease|x86.ActiveCfg = YRWindowsRelease|x86
		{DAA331A7-FDAC-44FD-98B5-2DC5025F48C3}.YRWindowsRelease|x86.Build.0 = YRWindowsRelease|x86
		{4C26AD04-FF2E-4465-9F40-DEB9DDC2C1D6}.AresUniversalDebug|Any CPU.ActiveCfg = AresUniversalDebug|Any CPU
		{4C26AD04-FF2E-4465-9F40-DEB9DDC2C1D6}.AresUniversalDebug|Any CPU.Build.0 = AresUniversalDebug|Any CPU
		{4C26AD04-FF2E-4465-9F40-DEB9DDC2C1D6}.AresUniversalDebug|ARM64.ActiveCfg = AresUniversalDebug|ARM64
		{4C26AD04-FF2E-4465-9F40-DEB9DDC2C1D6}.AresUniversalDebug|ARM64.Build.0 = AresUniversalDebug|ARM64
		{4C26AD04-FF2E-4465-9F40-DEB9DDC2C1D6}.AresUniversalDebug|x64.ActiveCfg = AresUniversalDebug|x64
		{4C26AD04-FF2E-4465-9F40-DEB9DDC2C1D6}.AresUniversalDebug|x64.Build.0 = AresUniversalDebug|x64
		{4C26AD04-FF2E-4465-9F40-DEB9DDC2C1D6}.AresUniversalDebug|x86.ActiveCfg = AresUniversalDebug|x86
		{4C26AD04-FF2E-4465-9F40-DEB9DDC2C1D6}.AresUniversalDebug|x86.Build.0 = AresUniversalDebug|x86
		{4C26AD04-FF2E-4465-9F40-DEB9DDC2C1D6}.AresUniversalRelease|Any CPU.ActiveCfg = AresUniversalRelease|Any CPU
		{4C26AD04-FF2E-4465-9F40-DEB9DDC2C1D6}.AresUniversalRelease|Any CPU.Build.0 = AresUniversalRelease|Any CPU
		{4C26AD04-FF2E-4465-9F40-DEB9DDC2C1D6}.AresUniversalRelease|ARM64.ActiveCfg = AresUniversalRelease|ARM64
		{4C26AD04-FF2E-4465-9F40-DEB9DDC2C1D6}.AresUniversalRelease|ARM64.Build.0 = AresUniversalRelease|ARM64
		{4C26AD04-FF2E-4465-9F40-DEB9DDC2C1D6}.AresUniversalRelease|x64.ActiveCfg = AresUniversalRelease|x64
		{4C26AD04-FF2E-4465-9F40-DEB9DDC2C1D6}.AresUniversalRelease|x64.Build.0 = AresUniversalRelease|x64
		{4C26AD04-FF2E-4465-9F40-DEB9DDC2C1D6}.AresUniversalRelease|x86.ActiveCfg = AresUniversalRelease|x86
		{4C26AD04-FF2E-4465-9F40-DEB9DDC2C1D6}.AresUniversalRelease|x86.Build.0 = AresUniversalRelease|x86
		{4C26AD04-FF2E-4465-9F40-DEB9DDC2C1D6}.AresWindowsDebug|Any CPU.ActiveCfg = AresWindowsDebug|Any CPU
		{4C26AD04-FF2E-4465-9F40-DEB9DDC2C1D6}.AresWindowsDebug|Any CPU.Build.0 = AresWindowsDebug|Any CPU
		{4C26AD04-FF2E-4465-9F40-DEB9DDC2C1D6}.AresWindowsDebug|ARM64.ActiveCfg = AresWindowsDebug|ARM64
		{4C26AD04-FF2E-4465-9F40-DEB9DDC2C1D6}.AresWindowsDebug|ARM64.Build.0 = AresWindowsDebug|ARM64
		{4C26AD04-FF2E-4465-9F40-DEB9DDC2C1D6}.AresWindowsDebug|x64.ActiveCfg = AresWindowsDebug|x64
		{4C26AD04-FF2E-4465-9F40-DEB9DDC2C1D6}.AresWindowsDebug|x64.Build.0 = AresWindowsDebug|x64
		{4C26AD04-FF2E-4465-9F40-DEB9DDC2C1D6}.AresWindowsDebug|x86.ActiveCfg = AresWindowsDebug|x86
		{4C26AD04-FF2E-4465-9F40-DEB9DDC2C1D6}.AresWindowsDebug|x86.Build.0 = AresWindowsDebug|x86
		{4C26AD04-FF2E-4465-9F40-DEB9DDC2C1D6}.AresWindowsRelease|Any CPU.ActiveCfg = AresWindowsRelease|Any CPU
		{4C26AD04-FF2E-4465-9F40-DEB9DDC2C1D6}.AresWindowsRelease|Any CPU.Build.0 = AresWindowsRelease|Any CPU
		{4C26AD04-FF2E-4465-9F40-DEB9DDC2C1D6}.AresWindowsRelease|ARM64.ActiveCfg = AresWindowsRelease|ARM64
		{4C26AD04-FF2E-4465-9F40-DEB9DDC2C1D6}.AresWindowsRelease|ARM64.Build.0 = AresWindowsRelease|ARM64
		{4C26AD04-FF2E-4465-9F40-DEB9DDC2C1D6}.AresWindowsRelease|x64.ActiveCfg = AresWindowsRelease|x64
		{4C26AD04-FF2E-4465-9F40-DEB9DDC2C1D6}.AresWindowsRelease|x64.Build.0 = AresWindowsRelease|x64
		{4C26AD04-FF2E-4465-9F40-DEB9DDC2C1D6}.AresWindowsRelease|x86.ActiveCfg = AresWindowsRelease|x86
		{4C26AD04-FF2E-4465-9F40-DEB9DDC2C1D6}.AresWindowsRelease|x86.Build.0 = AresWindowsRelease|x86
		{4C26AD04-FF2E-4465-9F40-DEB9DDC2C1D6}.TSUniversalDebug|Any CPU.ActiveCfg = TSUniversalDebug|Any CPU
		{4C26AD04-FF2E-4465-9F40-DEB9DDC2C1D6}.TSUniversalDebug|Any CPU.Build.0 = TSUniversalDebug|Any CPU
		{4C26AD04-FF2E-4465-9F40-DEB9DDC2C1D6}.TSUniversalDebug|ARM64.ActiveCfg = TSUniversalDebug|ARM64
		{4C26AD04-FF2E-4465-9F40-DEB9DDC2C1D6}.TSUniversalDebug|ARM64.Build.0 = TSUniversalDebug|ARM64
		{4C26AD04-FF2E-4465-9F40-DEB9DDC2C1D6}.TSUniversalDebug|x64.ActiveCfg = TSUniversalDebug|x64
		{4C26AD04-FF2E-4465-9F40-DEB9DDC2C1D6}.TSUniversalDebug|x64.Build.0 = TSUniversalDebug|x64
		{4C26AD04-FF2E-4465-9F40-DEB9DDC2C1D6}.TSUniversalDebug|x86.ActiveCfg = TSUniversalDebug|x86
		{4C26AD04-FF2E-4465-9F40-DEB9DDC2C1D6}.TSUniversalDebug|x86.Build.0 = TSUniversalDebug|x86
		{4C26AD04-FF2E-4465-9F40-DEB9DDC2C1D6}.TSUniversalRelease|Any CPU.ActiveCfg = TSUniversalRelease|Any CPU
		{4C26AD04-FF2E-4465-9F40-DEB9DDC2C1D6}.TSUniversalRelease|Any CPU.Build.0 = TSUniversalRelease|Any CPU
		{4C26AD04-FF2E-4465-9F40-DEB9DDC2C1D6}.TSUniversalRelease|ARM64.ActiveCfg = TSUniversalRelease|ARM64
		{4C26AD04-FF2E-4465-9F40-DEB9DDC2C1D6}.TSUniversalRelease|ARM64.Build.0 = TSUniversalRelease|ARM64
		{4C26AD04-FF2E-4465-9F40-DEB9DDC2C1D6}.TSUniversalRelease|x64.ActiveCfg = TSUniversalRelease|x64
		{4C26AD04-FF2E-4465-9F40-DEB9DDC2C1D6}.TSUniversalRelease|x64.Build.0 = TSUniversalRelease|x64
		{4C26AD04-FF2E-4465-9F40-DEB9DDC2C1D6}.TSUniversalRelease|x86.ActiveCfg = TSUniversalRelease|x86
		{4C26AD04-FF2E-4465-9F40-DEB9DDC2C1D6}.TSUniversalRelease|x86.Build.0 = TSUniversalRelease|x86
		{4C26AD04-FF2E-4465-9F40-DEB9DDC2C1D6}.TSWindowsDebug|Any CPU.ActiveCfg = TSWindowsDebug|Any CPU
		{4C26AD04-FF2E-4465-9F40-DEB9DDC2C1D6}.TSWindowsDebug|Any CPU.Build.0 = TSWindowsDebug|Any CPU
		{4C26AD04-FF2E-4465-9F40-DEB9DDC2C1D6}.TSWindowsDebug|ARM64.ActiveCfg = TSWindowsDebug|ARM64
		{4C26AD04-FF2E-4465-9F40-DEB9DDC2C1D6}.TSWindowsDebug|ARM64.Build.0 = TSWindowsDebug|ARM64
		{4C26AD04-FF2E-4465-9F40-DEB9DDC2C1D6}.TSWindowsDebug|x64.ActiveCfg = TSWindowsDebug|x64
		{4C26AD04-FF2E-4465-9F40-DEB9DDC2C1D6}.TSWindowsDebug|x64.Build.0 = TSWindowsDebug|x64
		{4C26AD04-FF2E-4465-9F40-DEB9DDC2C1D6}.TSWindowsDebug|x86.ActiveCfg = TSWindowsDebug|x86
		{4C26AD04-FF2E-4465-9F40-DEB9DDC2C1D6}.TSWindowsDebug|x86.Build.0 = TSWindowsDebug|x86
		{4C26AD04-FF2E-4465-9F40-DEB9DDC2C1D6}.TSWindowsRelease|Any CPU.ActiveCfg = TSWindowsRelease|Any CPU
		{4C26AD04-FF2E-4465-9F40-DEB9DDC2C1D6}.TSWindowsRelease|Any CPU.Build.0 = TSWindowsRelease|Any CPU
		{4C26AD04-FF2E-4465-9F40-DEB9DDC2C1D6}.TSWindowsRelease|ARM64.ActiveCfg = TSWindowsRelease|ARM64
		{4C26AD04-FF2E-4465-9F40-DEB9DDC2C1D6}.TSWindowsRelease|ARM64.Build.0 = TSWindowsRelease|ARM64
		{4C26AD04-FF2E-4465-9F40-DEB9DDC2C1D6}.TSWindowsRelease|x64.ActiveCfg = TSWindowsRelease|x64
		{4C26AD04-FF2E-4465-9F40-DEB9DDC2C1D6}.TSWindowsRelease|x64.Build.0 = TSWindowsRelease|x64
		{4C26AD04-FF2E-4465-9F40-DEB9DDC2C1D6}.TSWindowsRelease|x86.ActiveCfg = TSWindowsRelease|x86
		{4C26AD04-FF2E-4465-9F40-DEB9DDC2C1D6}.TSWindowsRelease|x86.Build.0 = TSWindowsRelease|x86
		{4C26AD04-FF2E-4465-9F40-DEB9DDC2C1D6}.YRUniversalDebug|Any CPU.ActiveCfg = YRUniversalDebug|Any CPU
		{4C26AD04-FF2E-4465-9F40-DEB9DDC2C1D6}.YRUniversalDebug|Any CPU.Build.0 = YRUniversalDebug|Any CPU
		{4C26AD04-FF2E-4465-9F40-DEB9DDC2C1D6}.YRUniversalDebug|ARM64.ActiveCfg = YRUniversalDebug|ARM64
		{4C26AD04-FF2E-4465-9F40-DEB9DDC2C1D6}.YRUniversalDebug|ARM64.Build.0 = YRUniversalDebug|ARM64
		{4C26AD04-FF2E-4465-9F40-DEB9DDC2C1D6}.YRUniversalDebug|x64.ActiveCfg = YRUniversalDebug|x64
		{4C26AD04-FF2E-4465-9F40-DEB9DDC2C1D6}.YRUniversalDebug|x64.Build.0 = YRUniversalDebug|x64
		{4C26AD04-FF2E-4465-9F40-DEB9DDC2C1D6}.YRUniversalDebug|x86.ActiveCfg = YRUniversalDebug|x86
		{4C26AD04-FF2E-4465-9F40-DEB9DDC2C1D6}.YRUniversalDebug|x86.Build.0 = YRUniversalDebug|x86
		{4C26AD04-FF2E-4465-9F40-DEB9DDC2C1D6}.YRUniversalRelease|Any CPU.ActiveCfg = YRUniversalRelease|Any CPU
		{4C26AD04-FF2E-4465-9F40-DEB9DDC2C1D6}.YRUniversalRelease|Any CPU.Build.0 = YRUniversalRelease|Any CPU
		{4C26AD04-FF2E-4465-9F40-DEB9DDC2C1D6}.YRUniversalRelease|ARM64.ActiveCfg = YRUniversalRelease|ARM64
		{4C26AD04-FF2E-4465-9F40-DEB9DDC2C1D6}.YRUniversalRelease|ARM64.Build.0 = YRUniversalRelease|ARM64
		{4C26AD04-FF2E-4465-9F40-DEB9DDC2C1D6}.YRUniversalRelease|x64.ActiveCfg = YRUniversalRelease|x64
		{4C26AD04-FF2E-4465-9F40-DEB9DDC2C1D6}.YRUniversalRelease|x64.Build.0 = YRUniversalRelease|x64
		{4C26AD04-FF2E-4465-9F40-DEB9DDC2C1D6}.YRUniversalRelease|x86.ActiveCfg = YRUniversalRelease|x86
		{4C26AD04-FF2E-4465-9F40-DEB9DDC2C1D6}.YRUniversalRelease|x86.Build.0 = YRUniversalRelease|x86
		{4C26AD04-FF2E-4465-9F40-DEB9DDC2C1D6}.YRWindowsDebug|Any CPU.ActiveCfg = YRWindowsDebug|Any CPU
		{4C26AD04-FF2E-4465-9F40-DEB9DDC2C1D6}.YRWindowsDebug|Any CPU.Build.0 = YRWindowsDebug|Any CPU
		{4C26AD04-FF2E-4465-9F40-DEB9DDC2C1D6}.YRWindowsDebug|ARM64.ActiveCfg = YRWindowsDebug|ARM64
		{4C26AD04-FF2E-4465-9F40-DEB9DDC2C1D6}.YRWindowsDebug|ARM64.Build.0 = YRWindowsDebug|ARM64
		{4C26AD04-FF2E-4465-9F40-DEB9DDC2C1D6}.YRWindowsDebug|x64.ActiveCfg = YRWindowsDebug|x64
		{4C26AD04-FF2E-4465-9F40-DEB9DDC2C1D6}.YRWindowsDebug|x64.Build.0 = YRWindowsDebug|x64
		{4C26AD04-FF2E-4465-9F40-DEB9DDC2C1D6}.YRWindowsDebug|x86.ActiveCfg = YRWindowsDebug|x86
		{4C26AD04-FF2E-4465-9F40-DEB9DDC2C1D6}.YRWindowsDebug|x86.Build.0 = YRWindowsDebug|x86
		{4C26AD04-FF2E-4465-9F40-DEB9DDC2C1D6}.YRWindowsRelease|Any CPU.ActiveCfg = YRWindowsRelease|Any CPU
		{4C26AD04-FF2E-4465-9F40-DEB9DDC2C1D6}.YRWindowsRelease|Any CPU.Build.0 = YRWindowsRelease|Any CPU
		{4C26AD04-FF2E-4465-9F40-DEB9DDC2C1D6}.YRWindowsRelease|ARM64.ActiveCfg = YRWindowsRelease|ARM64
		{4C26AD04-FF2E-4465-9F40-DEB9DDC2C1D6}.YRWindowsRelease|ARM64.Build.0 = YRWindowsRelease|ARM64
		{4C26AD04-FF2E-4465-9F40-DEB9DDC2C1D6}.YRWindowsRelease|x64.ActiveCfg = YRWindowsRelease|x64
		{4C26AD04-FF2E-4465-9F40-DEB9DDC2C1D6}.YRWindowsRelease|x64.Build.0 = YRWindowsRelease|x64
		{4C26AD04-FF2E-4465-9F40-DEB9DDC2C1D6}.YRWindowsRelease|x86.ActiveCfg = YRWindowsRelease|x86
		{4C26AD04-FF2E-4465-9F40-DEB9DDC2C1D6}.YRWindowsRelease|x86.Build.0 = YRWindowsRelease|x86
		{D517317D-8EA8-4225-AF9E-5385D8A7F047}.AresUniversalDebug|Any CPU.ActiveCfg = AresUniversalDebug|Any CPU
		{D517317D-8EA8-4225-AF9E-5385D8A7F047}.AresUniversalDebug|Any CPU.Build.0 = AresUniversalDebug|Any CPU
		{D517317D-8EA8-4225-AF9E-5385D8A7F047}.AresUniversalDebug|ARM64.ActiveCfg = AresUniversalDebug|ARM64
		{D517317D-8EA8-4225-AF9E-5385D8A7F047}.AresUniversalDebug|ARM64.Build.0 = AresUniversalDebug|ARM64
		{D517317D-8EA8-4225-AF9E-5385D8A7F047}.AresUniversalDebug|x64.ActiveCfg = AresUniversalDebug|x64
		{D517317D-8EA8-4225-AF9E-5385D8A7F047}.AresUniversalDebug|x64.Build.0 = AresUniversalDebug|x64
		{D517317D-8EA8-4225-AF9E-5385D8A7F047}.AresUniversalDebug|x86.ActiveCfg = AresUniversalDebug|x86
		{D517317D-8EA8-4225-AF9E-5385D8A7F047}.AresUniversalDebug|x86.Build.0 = AresUniversalDebug|x86
		{D517317D-8EA8-4225-AF9E-5385D8A7F047}.AresUniversalRelease|Any CPU.ActiveCfg = AresUniversalRelease|Any CPU
		{D517317D-8EA8-4225-AF9E-5385D8A7F047}.AresUniversalRelease|Any CPU.Build.0 = AresUniversalRelease|Any CPU
		{D517317D-8EA8-4225-AF9E-5385D8A7F047}.AresUniversalRelease|ARM64.ActiveCfg = AresUniversalRelease|ARM64
		{D517317D-8EA8-4225-AF9E-5385D8A7F047}.AresUniversalRelease|ARM64.Build.0 = AresUniversalRelease|ARM64
		{D517317D-8EA8-4225-AF9E-5385D8A7F047}.AresUniversalRelease|x64.ActiveCfg = AresUniversalRelease|x64
		{D517317D-8EA8-4225-AF9E-5385D8A7F047}.AresUniversalRelease|x64.Build.0 = AresUniversalRelease|x64
		{D517317D-8EA8-4225-AF9E-5385D8A7F047}.AresUniversalRelease|x86.ActiveCfg = AresUniversalRelease|x86
		{D517317D-8EA8-4225-AF9E-5385D8A7F047}.AresUniversalRelease|x86.Build.0 = AresUniversalRelease|x86
		{D517317D-8EA8-4225-AF9E-5385D8A7F047}.AresWindowsDebug|Any CPU.ActiveCfg = AresWindowsDebug|Any CPU
		{D517317D-8EA8-4225-AF9E-5385D8A7F047}.AresWindowsDebug|Any CPU.Build.0 = AresWindowsDebug|Any CPU
		{D517317D-8EA8-4225-AF9E-5385D8A7F047}.AresWindowsDebug|ARM64.ActiveCfg = AresWindowsDebug|ARM64
		{D517317D-8EA8-4225-AF9E-5385D8A7F047}.AresWindowsDebug|ARM64.Build.0 = AresWindowsDebug|ARM64
		{D517317D-8EA8-4225-AF9E-5385D8A7F047}.AresWindowsDebug|x64.ActiveCfg = AresWindowsDebug|x64
		{D517317D-8EA8-4225-AF9E-5385D8A7F047}.AresWindowsDebug|x64.Build.0 = AresWindowsDebug|x64
		{D517317D-8EA8-4225-AF9E-5385D8A7F047}.AresWindowsDebug|x86.ActiveCfg = AresWindowsDebug|x86
		{D517317D-8EA8-4225-AF9E-5385D8A7F047}.AresWindowsDebug|x86.Build.0 = AresWindowsDebug|x86
		{D517317D-8EA8-4225-AF9E-5385D8A7F047}.AresWindowsRelease|Any CPU.ActiveCfg = AresWindowsRelease|Any CPU
		{D517317D-8EA8-4225-AF9E-5385D8A7F047}.AresWindowsRelease|Any CPU.Build.0 = AresWindowsRelease|Any CPU
		{D517317D-8EA8-4225-AF9E-5385D8A7F047}.AresWindowsRelease|ARM64.ActiveCfg = AresWindowsRelease|ARM64
		{D517317D-8EA8-4225-AF9E-5385D8A7F047}.AresWindowsRelease|ARM64.Build.0 = AresWindowsRelease|ARM64
		{D517317D-8EA8-4225-AF9E-5385D8A7F047}.AresWindowsRelease|x64.ActiveCfg = AresWindowsRelease|x64
		{D517317D-8EA8-4225-AF9E-5385D8A7F047}.AresWindowsRelease|x64.Build.0 = AresWindowsRelease|x64
		{D517317D-8EA8-4225-AF9E-5385D8A7F047}.AresWindowsRelease|x86.ActiveCfg = AresWindowsRelease|x86
		{D517317D-8EA8-4225-AF9E-5385D8A7F047}.AresWindowsRelease|x86.Build.0 = AresWindowsRelease|x86
		{D517317D-8EA8-4225-AF9E-5385D8A7F047}.TSUniversalDebug|Any CPU.ActiveCfg = TSUniversalDebug|Any CPU
		{D517317D-8EA8-4225-AF9E-5385D8A7F047}.TSUniversalDebug|Any CPU.Build.0 = TSUniversalDebug|Any CPU
		{D517317D-8EA8-4225-AF9E-5385D8A7F047}.TSUniversalDebug|ARM64.ActiveCfg = TSUniversalDebug|ARM64
		{D517317D-8EA8-4225-AF9E-5385D8A7F047}.TSUniversalDebug|ARM64.Build.0 = TSUniversalDebug|ARM64
		{D517317D-8EA8-4225-AF9E-5385D8A7F047}.TSUniversalDebug|x64.ActiveCfg = TSUniversalDebug|x64
		{D517317D-8EA8-4225-AF9E-5385D8A7F047}.TSUniversalDebug|x64.Build.0 = TSUniversalDebug|x64
		{D517317D-8EA8-4225-AF9E-5385D8A7F047}.TSUniversalDebug|x86.ActiveCfg = TSUniversalDebug|x86
		{D517317D-8EA8-4225-AF9E-5385D8A7F047}.TSUniversalDebug|x86.Build.0 = TSUniversalDebug|x86
		{D517317D-8EA8-4225-AF9E-5385D8A7F047}.TSUniversalRelease|Any CPU.ActiveCfg = TSUniversalRelease|Any CPU
		{D517317D-8EA8-4225-AF9E-5385D8A7F047}.TSUniversalRelease|Any CPU.Build.0 = TSUniversalRelease|Any CPU
		{D517317D-8EA8-4225-AF9E-5385D8A7F047}.TSUniversalRelease|ARM64.ActiveCfg = TSUniversalRelease|ARM64
		{D517317D-8EA8-4225-AF9E-5385D8A7F047}.TSUniversalRelease|ARM64.Build.0 = TSUniversalRelease|ARM64
		{D517317D-8EA8-4225-AF9E-5385D8A7F047}.TSUniversalRelease|x64.ActiveCfg = TSUniversalRelease|x64
		{D517317D-8EA8-4225-AF9E-5385D8A7F047}.TSUniversalRelease|x64.Build.0 = TSUniversalRelease|x64
		{D517317D-8EA8-4225-AF9E-5385D8A7F047}.TSUniversalRelease|x86.ActiveCfg = TSUniversalRelease|x86
		{D517317D-8EA8-4225-AF9E-5385D8A7F047}.TSUniversalRelease|x86.Build.0 = TSUniversalRelease|x86
		{D517317D-8EA8-4225-AF9E-5385D8A7F047}.TSWindowsDebug|Any CPU.ActiveCfg = TSWindowsDebug|Any CPU
		{D517317D-8EA8-4225-AF9E-5385D8A7F047}.TSWindowsDebug|Any CPU.Build.0 = TSWindowsDebug|Any CPU
		{D517317D-8EA8-4225-AF9E-5385D8A7F047}.TSWindowsDebug|ARM64.ActiveCfg = TSWindowsDebug|ARM64
		{D517317D-8EA8-4225-AF9E-5385D8A7F047}.TSWindowsDebug|ARM64.Build.0 = TSWindowsDebug|ARM64
		{D517317D-8EA8-4225-AF9E-5385D8A7F047}.TSWindowsDebug|x64.ActiveCfg = TSWindowsDebug|x64
		{D517317D-8EA8-4225-AF9E-5385D8A7F047}.TSWindowsDebug|x64.Build.0 = TSWindowsDebug|x64
		{D517317D-8EA8-4225-AF9E-5385D8A7F047}.TSWindowsDebug|x86.ActiveCfg = TSWindowsDebug|x86
		{D517317D-8EA8-4225-AF9E-5385D8A7F047}.TSWindowsDebug|x86.Build.0 = TSWindowsDebug|x86
		{D517317D-8EA8-4225-AF9E-5385D8A7F047}.TSWindowsRelease|Any CPU.ActiveCfg = TSWindowsRelease|Any CPU
		{D517317D-8EA8-4225-AF9E-5385D8A7F047}.TSWindowsRelease|Any CPU.Build.0 = TSWindowsRelease|Any CPU
		{D517317D-8EA8-4225-AF9E-5385D8A7F047}.TSWindowsRelease|ARM64.ActiveCfg = TSWindowsRelease|ARM64
		{D517317D-8EA8-4225-AF9E-5385D8A7F047}.TSWindowsRelease|ARM64.Build.0 = TSWindowsRelease|ARM64
		{D517317D-8EA8-4225-AF9E-5385D8A7F047}.TSWindowsRelease|x64.ActiveCfg = TSWindowsRelease|x64
		{D517317D-8EA8-4225-AF9E-5385D8A7F047}.TSWindowsRelease|x64.Build.0 = TSWindowsRelease|x64
		{D517317D-8EA8-4225-AF9E-5385D8A7F047}.TSWindowsRelease|x86.ActiveCfg = TSWindowsRelease|x86
		{D517317D-8EA8-4225-AF9E-5385D8A7F047}.TSWindowsRelease|x86.Build.0 = TSWindowsRelease|x86
		{D517317D-8EA8-4225-AF9E-5385D8A7F047}.YRUniversalDebug|Any CPU.ActiveCfg = YRUniversalDebug|Any CPU
		{D517317D-8EA8-4225-AF9E-5385D8A7F047}.YRUniversalDebug|Any CPU.Build.0 = YRUniversalDebug|Any CPU
		{D517317D-8EA8-4225-AF9E-5385D8A7F047}.YRUniversalDebug|ARM64.ActiveCfg = YRUniversalDebug|ARM64
		{D517317D-8EA8-4225-AF9E-5385D8A7F047}.YRUniversalDebug|ARM64.Build.0 = YRUniversalDebug|ARM64
		{D517317D-8EA8-4225-AF9E-5385D8A7F047}.YRUniversalDebug|x64.ActiveCfg = YRUniversalDebug|x64
		{D517317D-8EA8-4225-AF9E-5385D8A7F047}.YRUniversalDebug|x64.Build.0 = YRUniversalDebug|x64
		{D517317D-8EA8-4225-AF9E-5385D8A7F047}.YRUniversalDebug|x86.ActiveCfg = YRUniversalDebug|x86
		{D517317D-8EA8-4225-AF9E-5385D8A7F047}.YRUniversalDebug|x86.Build.0 = YRUniversalDebug|x86
		{D517317D-8EA8-4225-AF9E-5385D8A7F047}.YRUniversalRelease|Any CPU.ActiveCfg = YRUniversalRelease|Any CPU
		{D517317D-8EA8-4225-AF9E-5385D8A7F047}.YRUniversalRelease|Any CPU.Build.0 = YRUniversalRelease|Any CPU
		{D517317D-8EA8-4225-AF9E-5385D8A7F047}.YRUniversalRelease|ARM64.ActiveCfg = YRUniversalRelease|ARM64
		{D517317D-8EA8-4225-AF9E-5385D8A7F047}.YRUniversalRelease|ARM64.Build.0 = YRUniversalRelease|ARM64
		{D517317D-8EA8-4225-AF9E-5385D8A7F047}.YRUniversalRelease|x64.ActiveCfg = YRUniversalRelease|x64
		{D517317D-8EA8-4225-AF9E-5385D8A7F047}.YRUniversalRelease|x64.Build.0 = YRUniversalRelease|x64
		{D517317D-8EA8-4225-AF9E-5385D8A7F047}.YRUniversalRelease|x86.ActiveCfg = YRUniversalRelease|x86
		{D517317D-8EA8-4225-AF9E-5385D8A7F047}.YRUniversalRelease|x86.Build.0 = YRUniversalRelease|x86
		{D517317D-8EA8-4225-AF9E-5385D8A7F047}.YRWindowsDebug|Any CPU.ActiveCfg = YRWindowsDebug|Any CPU
		{D517317D-8EA8-4225-AF9E-5385D8A7F047}.YRWindowsDebug|Any CPU.Build.0 = YRWindowsDebug|Any CPU
		{D517317D-8EA8-4225-AF9E-5385D8A7F047}.YRWindowsDebug|ARM64.ActiveCfg = YRWindowsDebug|ARM64
		{D517317D-8EA8-4225-AF9E-5385D8A7F047}.YRWindowsDebug|ARM64.Build.0 = YRWindowsDebug|ARM64
		{D517317D-8EA8-4225-AF9E-5385D8A7F047}.YRWindowsDebug|x64.ActiveCfg = YRWindowsDebug|x64
		{D517317D-8EA8-4225-AF9E-5385D8A7F047}.YRWindowsDebug|x64.Build.0 = YRWindowsDebug|x64
		{D517317D-8EA8-4225-AF9E-5385D8A7F047}.YRWindowsDebug|x86.ActiveCfg = YRWindowsDebug|x86
		{D517317D-8EA8-4225-AF9E-5385D8A7F047}.YRWindowsDebug|x86.Build.0 = YRWindowsDebug|x86
		{D517317D-8EA8-4225-AF9E-5385D8A7F047}.YRWindowsRelease|Any CPU.ActiveCfg = YRWindowsRelease|Any CPU
		{D517317D-8EA8-4225-AF9E-5385D8A7F047}.YRWindowsRelease|Any CPU.Build.0 = YRWindowsRelease|Any CPU
		{D517317D-8EA8-4225-AF9E-5385D8A7F047}.YRWindowsRelease|ARM64.ActiveCfg = YRWindowsRelease|ARM64
		{D517317D-8EA8-4225-AF9E-5385D8A7F047}.YRWindowsRelease|ARM64.Build.0 = YRWindowsRelease|ARM64
		{D517317D-8EA8-4225-AF9E-5385D8A7F047}.YRWindowsRelease|x64.ActiveCfg = YRWindowsRelease|x64
		{D517317D-8EA8-4225-AF9E-5385D8A7F047}.YRWindowsRelease|x64.Build.0 = YRWindowsRelease|x64
		{D517317D-8EA8-4225-AF9E-5385D8A7F047}.YRWindowsRelease|x86.ActiveCfg = YRWindowsRelease|x86
		{D517317D-8EA8-4225-AF9E-5385D8A7F047}.YRWindowsRelease|x86.Build.0 = YRWindowsRelease|x86
		{E0412313-0A6F-400B-9EC8-B162DA8AAA0E}.AresUniversalDebug|Any CPU.ActiveCfg = AresUniversalDebug|Any CPU
		{E0412313-0A6F-400B-9EC8-B162DA8AAA0E}.AresUniversalDebug|Any CPU.Build.0 = AresUniversalDebug|Any CPU
		{E0412313-0A6F-400B-9EC8-B162DA8AAA0E}.AresUniversalDebug|ARM64.ActiveCfg = AresUniversalDebug|ARM64
		{E0412313-0A6F-400B-9EC8-B162DA8AAA0E}.AresUniversalDebug|ARM64.Build.0 = AresUniversalDebug|ARM64
		{E0412313-0A6F-400B-9EC8-B162DA8AAA0E}.AresUniversalDebug|x64.ActiveCfg = AresUniversalDebug|x64
		{E0412313-0A6F-400B-9EC8-B162DA8AAA0E}.AresUniversalDebug|x64.Build.0 = AresUniversalDebug|x64
		{E0412313-0A6F-400B-9EC8-B162DA8AAA0E}.AresUniversalDebug|x86.ActiveCfg = AresUniversalDebug|x86
		{E0412313-0A6F-400B-9EC8-B162DA8AAA0E}.AresUniversalDebug|x86.Build.0 = AresUniversalDebug|x86
		{E0412313-0A6F-400B-9EC8-B162DA8AAA0E}.AresUniversalRelease|Any CPU.ActiveCfg = AresUniversalRelease|Any CPU
		{E0412313-0A6F-400B-9EC8-B162DA8AAA0E}.AresUniversalRelease|Any CPU.Build.0 = AresUniversalRelease|Any CPU
		{E0412313-0A6F-400B-9EC8-B162DA8AAA0E}.AresUniversalRelease|ARM64.ActiveCfg = AresUniversalRelease|ARM64
		{E0412313-0A6F-400B-9EC8-B162DA8AAA0E}.AresUniversalRelease|ARM64.Build.0 = AresUniversalRelease|ARM64
		{E0412313-0A6F-400B-9EC8-B162DA8AAA0E}.AresUniversalRelease|x64.ActiveCfg = AresUniversalRelease|x64
		{E0412313-0A6F-400B-9EC8-B162DA8AAA0E}.AresUniversalRelease|x64.Build.0 = AresUniversalRelease|x64
		{E0412313-0A6F-400B-9EC8-B162DA8AAA0E}.AresUniversalRelease|x86.ActiveCfg = AresUniversalRelease|x86
		{E0412313-0A6F-400B-9EC8-B162DA8AAA0E}.AresUniversalRelease|x86.Build.0 = AresUniversalRelease|x86
		{E0412313-0A6F-400B-9EC8-B162DA8AAA0E}.AresWindowsDebug|Any CPU.ActiveCfg = AresWindowsDebug|Any CPU
		{E0412313-0A6F-400B-9EC8-B162DA8AAA0E}.AresWindowsDebug|Any CPU.Build.0 = AresWindowsDebug|Any CPU
		{E0412313-0A6F-400B-9EC8-B162DA8AAA0E}.AresWindowsDebug|ARM64.ActiveCfg = AresWindowsDebug|ARM64
		{E0412313-0A6F-400B-9EC8-B162DA8AAA0E}.AresWindowsDebug|ARM64.Build.0 = AresWindowsDebug|ARM64
		{E0412313-0A6F-400B-9EC8-B162DA8AAA0E}.AresWindowsDebug|x64.ActiveCfg = AresWindowsDebug|x64
		{E0412313-0A6F-400B-9EC8-B162DA8AAA0E}.AresWindowsDebug|x64.Build.0 = AresWindowsDebug|x64
		{E0412313-0A6F-400B-9EC8-B162DA8AAA0E}.AresWindowsDebug|x86.ActiveCfg = AresWindowsDebug|x86
		{E0412313-0A6F-400B-9EC8-B162DA8AAA0E}.AresWindowsDebug|x86.Build.0 = AresWindowsDebug|x86
		{E0412313-0A6F-400B-9EC8-B162DA8AAA0E}.AresWindowsRelease|Any CPU.ActiveCfg = AresWindowsRelease|Any CPU
		{E0412313-0A6F-400B-9EC8-B162DA8AAA0E}.AresWindowsRelease|Any CPU.Build.0 = AresWindowsRelease|Any CPU
		{E0412313-0A6F-400B-9EC8-B162DA8AAA0E}.AresWindowsRelease|ARM64.ActiveCfg = AresWindowsRelease|ARM64
		{E0412313-0A6F-400B-9EC8-B162DA8AAA0E}.AresWindowsRelease|ARM64.Build.0 = AresWindowsRelease|ARM64
		{E0412313-0A6F-400B-9EC8-B162DA8AAA0E}.AresWindowsRelease|x64.ActiveCfg = AresWindowsRelease|x64
		{E0412313-0A6F-400B-9EC8-B162DA8AAA0E}.AresWindowsRelease|x64.Build.0 = AresWindowsRelease|x64
		{E0412313-0A6F-400B-9EC8-B162DA8AAA0E}.AresWindowsRelease|x86.ActiveCfg = AresWindowsRelease|x86
		{E0412313-0A6F-400B-9EC8-B162DA8AAA0E}.AresWindowsRelease|x86.Build.0 = AresWindowsRelease|x86
		{E0412313-0A6F-400B-9EC8-B162DA8AAA0E}.TSUniversalDebug|Any CPU.ActiveCfg = TSUniversalDebug|Any CPU
		{E0412313-0A6F-400B-9EC8-B162DA8AAA0E}.TSUniversalDebug|Any CPU.Build.0 = TSUniversalDebug|Any CPU
		{E0412313-0A6F-400B-9EC8-B162DA8AAA0E}.TSUniversalDebug|ARM64.ActiveCfg = TSUniversalDebug|ARM64
		{E0412313-0A6F-400B-9EC8-B162DA8AAA0E}.TSUniversalDebug|ARM64.Build.0 = TSUniversalDebug|ARM64
		{E0412313-0A6F-400B-9EC8-B162DA8AAA0E}.TSUniversalDebug|x64.ActiveCfg = TSUniversalDebug|x64
		{E0412313-0A6F-400B-9EC8-B162DA8AAA0E}.TSUniversalDebug|x64.Build.0 = TSUniversalDebug|x64
		{E0412313-0A6F-400B-9EC8-B162DA8AAA0E}.TSUniversalDebug|x86.ActiveCfg = TSUniversalDebug|x86
		{E0412313-0A6F-400B-9EC8-B162DA8AAA0E}.TSUniversalDebug|x86.Build.0 = TSUniversalDebug|x86
		{E0412313-0A6F-400B-9EC8-B162DA8AAA0E}.TSUniversalRelease|Any CPU.ActiveCfg = TSUniversalRelease|Any CPU
		{E0412313-0A6F-400B-9EC8-B162DA8AAA0E}.TSUniversalRelease|Any CPU.Build.0 = TSUniversalRelease|Any CPU
		{E0412313-0A6F-400B-9EC8-B162DA8AAA0E}.TSUniversalRelease|ARM64.ActiveCfg = TSUniversalRelease|ARM64
		{E0412313-0A6F-400B-9EC8-B162DA8AAA0E}.TSUniversalRelease|ARM64.Build.0 = TSUniversalRelease|ARM64
		{E0412313-0A6F-400B-9EC8-B162DA8AAA0E}.TSUniversalRelease|x64.ActiveCfg = TSUniversalRelease|x64
		{E0412313-0A6F-400B-9EC8-B162DA8AAA0E}.TSUniversalRelease|x64.Build.0 = TSUniversalRelease|x64
		{E0412313-0A6F-400B-9EC8-B162DA8AAA0E}.TSUniversalRelease|x86.ActiveCfg = TSUniversalRelease|x86
		{E0412313-0A6F-400B-9EC8-B162DA8AAA0E}.TSUniversalRelease|x86.Build.0 = TSUniversalRelease|x86
		{E0412313-0A6F-400B-9EC8-B162DA8AAA0E}.TSWindowsDebug|Any CPU.ActiveCfg = TSWindowsDebug|Any CPU
		{E0412313-0A6F-400B-9EC8-B162DA8AAA0E}.TSWindowsDebug|Any CPU.Build.0 = TSWindowsDebug|Any CPU
		{E0412313-0A6F-400B-9EC8-B162DA8AAA0E}.TSWindowsDebug|ARM64.ActiveCfg = TSWindowsDebug|ARM64
		{E0412313-0A6F-400B-9EC8-B162DA8AAA0E}.TSWindowsDebug|ARM64.Build.0 = TSWindowsDebug|ARM64
		{E0412313-0A6F-400B-9EC8-B162DA8AAA0E}.TSWindowsDebug|x64.ActiveCfg = TSWindowsDebug|x64
		{E0412313-0A6F-400B-9EC8-B162DA8AAA0E}.TSWindowsDebug|x64.Build.0 = TSWindowsDebug|x64
		{E0412313-0A6F-400B-9EC8-B162DA8AAA0E}.TSWindowsDebug|x86.ActiveCfg = TSWindowsDebug|x86
		{E0412313-0A6F-400B-9EC8-B162DA8AAA0E}.TSWindowsDebug|x86.Build.0 = TSWindowsDebug|x86
		{E0412313-0A6F-400B-9EC8-B162DA8AAA0E}.TSWindowsRelease|Any CPU.ActiveCfg = TSWindowsRelease|Any CPU
		{E0412313-0A6F-400B-9EC8-B162DA8AAA0E}.TSWindowsRelease|Any CPU.Build.0 = TSWindowsRelease|Any CPU
		{E0412313-0A6F-400B-9EC8-B162DA8AAA0E}.TSWindowsRelease|ARM64.ActiveCfg = TSWindowsRelease|ARM64
		{E0412313-0A6F-400B-9EC8-B162DA8AAA0E}.TSWindowsRelease|ARM64.Build.0 = TSWindowsRelease|ARM64
		{E0412313-0A6F-400B-9EC8-B162DA8AAA0E}.TSWindowsRelease|x64.ActiveCfg = TSWindowsRelease|x64
		{E0412313-0A6F-400B-9EC8-B162DA8AAA0E}.TSWindowsRelease|x64.Build.0 = TSWindowsRelease|x64
		{E0412313-0A6F-400B-9EC8-B162DA8AAA0E}.TSWindowsRelease|x86.ActiveCfg = TSWindowsRelease|x86
		{E0412313-0A6F-400B-9EC8-B162DA8AAA0E}.TSWindowsRelease|x86.Build.0 = TSWindowsRelease|x86
		{E0412313-0A6F-400B-9EC8-B162DA8AAA0E}.YRUniversalDebug|Any CPU.ActiveCfg = YRUniversalDebug|Any CPU
		{E0412313-0A6F-400B-9EC8-B162DA8AAA0E}.YRUniversalDebug|Any CPU.Build.0 = YRUniversalDebug|Any CPU
		{E0412313-0A6F-400B-9EC8-B162DA8AAA0E}.YRUniversalDebug|ARM64.ActiveCfg = YRUniversalDebug|ARM64
		{E0412313-0A6F-400B-9EC8-B162DA8AAA0E}.YRUniversalDebug|ARM64.Build.0 = YRUniversalDebug|ARM64
		{E0412313-0A6F-400B-9EC8-B162DA8AAA0E}.YRUniversalDebug|x64.ActiveCfg = YRUniversalDebug|x64
		{E0412313-0A6F-400B-9EC8-B162DA8AAA0E}.YRUniversalDebug|x64.Build.0 = YRUniversalDebug|x64
		{E0412313-0A6F-400B-9EC8-B162DA8AAA0E}.YRUniversalDebug|x86.ActiveCfg = YRUniversalDebug|x86
		{E0412313-0A6F-400B-9EC8-B162DA8AAA0E}.YRUniversalDebug|x86.Build.0 = YRUniversalDebug|x86
		{E0412313-0A6F-400B-9EC8-B162DA8AAA0E}.YRUniversalRelease|Any CPU.ActiveCfg = YRUniversalRelease|Any CPU
		{E0412313-0A6F-400B-9EC8-B162DA8AAA0E}.YRUniversalRelease|Any CPU.Build.0 = YRUniversalRelease|Any CPU
		{E0412313-0A6F-400B-9EC8-B162DA8AAA0E}.YRUniversalRelease|ARM64.ActiveCfg = YRUniversalRelease|ARM64
		{E0412313-0A6F-400B-9EC8-B162DA8AAA0E}.YRUniversalRelease|ARM64.Build.0 = YRUniversalRelease|ARM64
		{E0412313-0A6F-400B-9EC8-B162DA8AAA0E}.YRUniversalRelease|x64.ActiveCfg = YRUniversalRelease|x64
		{E0412313-0A6F-400B-9EC8-B162DA8AAA0E}.YRUniversalRelease|x64.Build.0 = YRUniversalRelease|x64
		{E0412313-0A6F-400B-9EC8-B162DA8AAA0E}.YRUniversalRelease|x86.ActiveCfg = YRUniversalRelease|x86
		{E0412313-0A6F-400B-9EC8-B162DA8AAA0E}.YRUniversalRelease|x86.Build.0 = YRUniversalRelease|x86
		{E0412313-0A6F-400B-9EC8-B162DA8AAA0E}.YRWindowsDebug|Any CPU.ActiveCfg = YRWindowsDebug|Any CPU
		{E0412313-0A6F-400B-9EC8-B162DA8AAA0E}.YRWindowsDebug|Any CPU.Build.0 = YRWindowsDebug|Any CPU
		{E0412313-0A6F-400B-9EC8-B162DA8AAA0E}.YRWindowsDebug|ARM64.ActiveCfg = YRWindowsDebug|ARM64
		{E0412313-0A6F-400B-9EC8-B162DA8AAA0E}.YRWindowsDebug|ARM64.Build.0 = YRWindowsDebug|ARM64
		{E0412313-0A6F-400B-9EC8-B162DA8AAA0E}.YRWindowsDebug|x64.ActiveCfg = YRWindowsDebug|x64
		{E0412313-0A6F-400B-9EC8-B162DA8AAA0E}.YRWindowsDebug|x64.Build.0 = YRWindowsDebug|x64
		{E0412313-0A6F-400B-9EC8-B162DA8AAA0E}.YRWindowsDebug|x86.ActiveCfg = YRWindowsDebug|x86
		{E0412313-0A6F-400B-9EC8-B162DA8AAA0E}.YRWindowsDebug|x86.Build.0 = YRWindowsDebug|x86
		{E0412313-0A6F-400B-9EC8-B162DA8AAA0E}.YRWindowsRelease|Any CPU.ActiveCfg = YRWindowsRelease|Any CPU
		{E0412313-0A6F-400B-9EC8-B162DA8AAA0E}.YRWindowsRelease|Any CPU.Build.0 = YRWindowsRelease|Any CPU
		{E0412313-0A6F-400B-9EC8-B162DA8AAA0E}.YRWindowsRelease|ARM64.ActiveCfg = YRWindowsRelease|ARM64
		{E0412313-0A6F-400B-9EC8-B162DA8AAA0E}.YRWindowsRelease|ARM64.Build.0 = YRWindowsRelease|ARM64
		{E0412313-0A6F-400B-9EC8-B162DA8AAA0E}.YRWindowsRelease|x64.ActiveCfg = YRWindowsRelease|x64
		{E0412313-0A6F-400B-9EC8-B162DA8AAA0E}.YRWindowsRelease|x64.Build.0 = YRWindowsRelease|x64
		{E0412313-0A6F-400B-9EC8-B162DA8AAA0E}.YRWindowsRelease|x86.ActiveCfg = YRWindowsRelease|x86
		{E0412313-0A6F-400B-9EC8-B162DA8AAA0E}.YRWindowsRelease|x86.Build.0 = YRWindowsRelease|x86
	EndGlobalSection
	GlobalSection(SolutionProperties) = preSolution
		HideSolutionNode = FALSE
	EndGlobalSection
	GlobalSection(ExtensibilityGlobals) = postSolution
		SolutionGuid = {524B40FE-44F2-419A-B6D3-F9F0F813101F}
	EndGlobalSection
EndGlobal
